PODS:
  - MBProgressHUD (0.9.1)
  - UITableView+FDTemplateLayoutCell (1.3)

DEPENDENCIES:
  - MBProgressHUD (~> 0.9.1)
  - UITableView+FDTemplateLayoutCell (~> 1.3)

SPEC CHECKSUMS:
  MBProgressHUD: c47f2c166c126cf2ce36498d80f33e754d4e93ad
  UITableView+FDTemplateLayoutCell: d5be6056b5060313f5955a2590ecd33142ad713d

COCOAPODS: 0.38.2
